
Microsoft Visual Studio Solution File, Format Version 12.00
# Visual Studio Version 17
VisualStudioVersion = 17.0.31919.166
MinimumVisualStudioVersion = 10.0.40219.1
Project("{FAE04EC0-301F-11D3-BF4B-00C04F79EFBC}") = "easy_start", "easy_start\easy_start.csproj", "{DE61B365-4CF1-4E62-9ED6-5B7B740DB073}"
EndProject
Global
	GlobalSection(SolutionConfigurationPlatforms) = preSolution
		Debug|Any CPU = Debug|Any CPU
		Release|Any CPU = Release|Any CPU
	EndGlobalSection
	GlobalSection(ProjectConfigurationPlatforms) = postSolution
		{DE61B365-4CF1-4E62-9ED6-5B7B740DB073}.Debug|Any CPU.ActiveCfg = Debug|Any CPU
		{DE61B365-4CF1-4E62-9ED6-5B7B740DB073}.Debug|Any CPU.Build.0 = Debug|Any CPU
		{DE61B365-4CF1-4E62-9ED6-5B7B740DB073}.Release|Any CPU.ActiveCfg = Release|Any CPU
		{DE61B365-4CF1-4E62-9ED6-5B7B740DB073}.Release|Any CPU.Build.0 = Release|Any CPU
	EndGlobalSection
	GlobalSection(SolutionProperties) = preSolution
		HideSolutionNode = FALSE
	EndGlobalSection
	GlobalSection(ExtensibilityGlobals) = postSolution
		SolutionGuid = {FD59A50F-3827-4E41-ADB8-45B12347B4EB}
	EndGlobalSection
EndGlobal
